
Microsoft Visual Studio Solution File, Format Version 12.00
# Visual Studio Version 17
VisualStudioVersion = 17.1.32210.238
MinimumVisualStudioVersion = 10.0.40219.1
Project("{8BC9CEB8-8B4A-11D0-8D11-00A0C91BC942}") = "TP_EDA", "TP_EDA\TP_EDA.vcxproj", "{794FFBA3-7BFD-4F79-A5B7-B06055503CD3}"
EndProject
Global
	GlobalSection(SolutionConfigurationPlatforms) = preSolution
		Debug|x64 = Debug|x64
		Debug|x86 = Debug|x86
		Release|x64 = Release|x64
		Release|x86 = Release|x86
	EndGlobalSection
	GlobalSection(ProjectConfigurationPlatforms) = postSolution
		{794FFBA3-7BFD-4F79-A5B7-B06055503CD3}.Debug|x64.ActiveCfg = Debug|x64
		{794FFBA3-7BFD-4F79-A5B7-B06055503CD3}.Debug|x64.Build.0 = Debug|x64
		{794FFBA3-7BFD-4F79-A5B7-B06055503CD3}.Debug|x86.ActiveCfg = Debug|Win32
		{794FFBA3-7BFD-4F79-A5B7-B06055503CD3}.Debug|x86.Build.0 = Debug|Win32
		{794FFBA3-7BFD-4F79-A5B7-B06055503CD3}.Release|x64.ActiveCfg = Release|x64
		{794FFBA3-7BFD-4F79-A5B7-B06055503CD3}.Release|x64.Build.0 = Release|x64
		{794FFBA3-7BFD-4F79-A5B7-B06055503CD3}.Release|x86.ActiveCfg = Release|Win32
		{794FFBA3-7BFD-4F79-A5B7-B06055503CD3}.Release|x86.Build.0 = Release|Win32
	EndGlobalSection
	GlobalSection(SolutionProperties) = preSolution
		HideSolutionNode = FALSE
	EndGlobalSection
	GlobalSection(ExtensibilityGlobals) = postSolution
		SolutionGuid = {3CCFEE3F-D5D2-49A6-9491-F9E2D3F0619A}
	EndGlobalSection
EndGlobal
